<Solution>
  <Project Path="CleanArch.Application/CleanArch.Application.csproj" />
  <Project Path="CleanArch.Domain/CleanArch.Domain.csproj" />
  <Project Path="CleanArch.Infra.Data/CleanArch.Infra.Data.csproj" />
  <Project Path="CleanArch.Infra.IoC/CleanArch.Infra.IoC.csproj" />
  <Project Path="CleanArch.MVC/CleanArch.MVC.csproj" />
</Solution>
